
Microsoft Visual Studio Solution File, Format Version 12.00
# Visual Studio Version 16
VisualStudioVersion = 16.0.31129.286
MinimumVisualStudioVersion = 10.0.40219.1
Project("{2150E333-8FDC-42A3-9474-1A3956D46DE8}") = "Services", "Services", "{86053FBD-CBC8-4922-BA43-A87345242DD7}"
EndProject
Project("{2150E333-8FDC-42A3-9474-1A3956D46DE8}") = "Catalog", "Catalog", "{459AF1D9-9C47-42C3-A762-ED6C9CE66370}"
EndProject
Project("{9A19103F-16F7-4668-BE54-9A1E7A4F7556}") = "Catalog.API", "Catalog\Catalog.API\Catalog.API.csproj", "{F7624275-8A8A-45CE-8A9C-A3F66E8D6A52}"
EndProject
Project("{E53339B2-1760-4266-BCC7-CA923CBCF16C}") = "docker-compose", "docker-compose.dcproj", "{5257E64C-9EE2-4E1E-B4F1-631E32D95A26}"
EndProject
Project("{2150E333-8FDC-42A3-9474-1A3956D46DE8}") = "Basket", "Basket", "{486BD070-58C9-499F-9E0A-8F7D130E9F86}"
EndProject
Project("{9A19103F-16F7-4668-BE54-9A1E7A4F7556}") = "Basket.API", "Services\Basket\Basket.API\Basket.API.csproj", "{2986D8DD-A86F-4F90-B790-5C80BFBA2695}"
EndProject
Project("{2150E333-8FDC-42A3-9474-1A3956D46DE8}") = "Discount", "Discount", "{08EA15F7-27DA-419C-A4B0-1045E6A9537B}"
EndProject
Project("{FAE04EC0-301F-11D3-BF4B-00C04F79EFBC}") = "Discount.API", "Services\Discount\Discount.API\Discount.API.csproj", "{818887C2-82EC-4FA5-A069-3B1DB52D1198}"
EndProject
Project("{FAE04EC0-301F-11D3-BF4B-00C04F79EFBC}") = "Discount.Grpc", "Services\Discount\Discount.Grpc\Discount.Grpc.csproj", "{ACC9EED2-2D55-4693-8355-17C7C6CD40DA}"
EndProject
Global
	GlobalSection(SolutionConfigurationPlatforms) = preSolution
		Debug|Any CPU = Debug|Any CPU
		Release|Any CPU = Release|Any CPU
	EndGlobalSection
	GlobalSection(ProjectConfigurationPlatforms) = postSolution
		{F7624275-8A8A-45CE-8A9C-A3F66E8D6A52}.Debug|Any CPU.ActiveCfg = Debug|Any CPU
		{F7624275-8A8A-45CE-8A9C-A3F66E8D6A52}.Debug|Any CPU.Build.0 = Debug|Any CPU
		{F7624275-8A8A-45CE-8A9C-A3F66E8D6A52}.Release|Any CPU.ActiveCfg = Release|Any CPU
		{F7624275-8A8A-45CE-8A9C-A3F66E8D6A52}.Release|Any CPU.Build.0 = Release|Any CPU
		{5257E64C-9EE2-4E1E-B4F1-631E32D95A26}.Debug|Any CPU.ActiveCfg = Debug|Any CPU
		{5257E64C-9EE2-4E1E-B4F1-631E32D95A26}.Debug|Any CPU.Build.0 = Debug|Any CPU
		{5257E64C-9EE2-4E1E-B4F1-631E32D95A26}.Release|Any CPU.ActiveCfg = Release|Any CPU
		{5257E64C-9EE2-4E1E-B4F1-631E32D95A26}.Release|Any CPU.Build.0 = Release|Any CPU
		{2986D8DD-A86F-4F90-B790-5C80BFBA2695}.Debug|Any CPU.ActiveCfg = Debug|Any CPU
		{2986D8DD-A86F-4F90-B790-5C80BFBA2695}.Debug|Any CPU.Build.0 = Debug|Any CPU
		{2986D8DD-A86F-4F90-B790-5C80BFBA2695}.Release|Any CPU.ActiveCfg = Release|Any CPU
		{2986D8DD-A86F-4F90-B790-5C80BFBA2695}.Release|Any CPU.Build.0 = Release|Any CPU
		{818887C2-82EC-4FA5-A069-3B1DB52D1198}.Debug|Any CPU.ActiveCfg = Debug|Any CPU
		{818887C2-82EC-4FA5-A069-3B1DB52D1198}.Debug|Any CPU.Build.0 = Debug|Any CPU
		{818887C2-82EC-4FA5-A069-3B1DB52D1198}.Release|Any CPU.ActiveCfg = Release|Any CPU
		{818887C2-82EC-4FA5-A069-3B1DB52D1198}.Release|Any CPU.Build.0 = Release|Any CPU
		{ACC9EED2-2D55-4693-8355-17C7C6CD40DA}.Debug|Any CPU.ActiveCfg = Debug|Any CPU
		{ACC9EED2-2D55-4693-8355-17C7C6CD40DA}.Debug|Any CPU.Build.0 = Debug|Any CPU
		{ACC9EED2-2D55-4693-8355-17C7C6CD40DA}.Release|Any CPU.ActiveCfg = Release|Any CPU
		{ACC9EED2-2D55-4693-8355-17C7C6CD40DA}.Release|Any CPU.Build.0 = Release|Any CPU
	EndGlobalSection
	GlobalSection(SolutionProperties) = preSolution
		HideSolutionNode = FALSE
	EndGlobalSection
	GlobalSection(NestedProjects) = preSolution
		{459AF1D9-9C47-42C3-A762-ED6C9CE66370} = {86053FBD-CBC8-4922-BA43-A87345242DD7}
		{F7624275-8A8A-45CE-8A9C-A3F66E8D6A52} = {459AF1D9-9C47-42C3-A762-ED6C9CE66370}
		{486BD070-58C9-499F-9E0A-8F7D130E9F86} = {86053FBD-CBC8-4922-BA43-A87345242DD7}
		{2986D8DD-A86F-4F90-B790-5C80BFBA2695} = {486BD070-58C9-499F-9E0A-8F7D130E9F86}
		{08EA15F7-27DA-419C-A4B0-1045E6A9537B} = {86053FBD-CBC8-4922-BA43-A87345242DD7}
		{818887C2-82EC-4FA5-A069-3B1DB52D1198} = {08EA15F7-27DA-419C-A4B0-1045E6A9537B}
		{ACC9EED2-2D55-4693-8355-17C7C6CD40DA} = {08EA15F7-27DA-419C-A4B0-1045E6A9537B}
	EndGlobalSection
	GlobalSection(ExtensibilityGlobals) = postSolution
		SolutionGuid = {39DDA0B4-04AF-419E-A0F2-93330B8CBF0B}
	EndGlobalSection
EndGlobal
